// !$*UTF8*$!
{
	archiveVersion = 1;
	classes = {
	};
	objectVersion = 48;
	objects = {

/* Begin PBXBuildFile section */
		11A5AFA72729D289F9A20953 /* Pods_SecurisUITests.framework in Frameworks */ = {isa = PBXBuildFile; fileRef = 97D1A06359DF3B32DBF7D80E /* Pods_SecurisUITests.framework */; };
		54F16E00AE32CFEA2A2505F0 /* Pods_SecurisTests.framework in Frameworks */ = {isa = PBXBuildFile; fileRef = 127956CD13A24A84D3150669 /* Pods_SecurisTests.framework */; };
		AF18FC5B2050B63C007F2C91 /* HelperExtensions.swift in Sources */ = {isa = PBXBuildFile; fileRef = AF18FC5A2050B63C007F2C91 /* HelperExtensions.swift */; };
		AF36554C20AC18E70097AB2D /* ImageService.swift in Sources */ = {isa = PBXBuildFile; fileRef = AF36554B20AC18E70097AB2D /* ImageService.swift */; };
		AF36554E20AC199A0097AB2D /* UserService.swift in Sources */ = {isa = PBXBuildFile; fileRef = AF36554D20AC199A0097AB2D /* UserService.swift */; };
		AF3C124C2092FC6D006F3429 /* QuizResultsViewController.swift in Sources */ = {isa = PBXBuildFile; fileRef = AF3C124B2092FC6D006F3429 /* QuizResultsViewController.swift */; };
		AF3C124E2095423D006F3429 /* UserAnswer.swift in Sources */ = {isa = PBXBuildFile; fileRef = AF3C124D2095423D006F3429 /* UserAnswer.swift */; };
		AF3C1250209543C7006F3429 /* QuizResults.swift in Sources */ = {isa = PBXBuildFile; fileRef = AF3C124F209543C7006F3429 /* QuizResults.swift */; };
		AF3C125220969051006F3429 /* ResultsTableViewCell.swift in Sources */ = {isa = PBXBuildFile; fileRef = AF3C125120969051006F3429 /* ResultsTableViewCell.swift */; };
		AF527AEA203CBDF1009A222B /* SlideSegue.swift in Sources */ = {isa = PBXBuildFile; fileRef = AF527AE9203CBDF1009A222B /* SlideSegue.swift */; };
		AF527AEC203CDF28009A222B /* GoogleService-Info.plist in Resources */ = {isa = PBXBuildFile; fileRef = AF527AEB203CDF27009A222B /* GoogleService-Info.plist */; };
		AF527AED203CDF28009A222B /* GoogleService-Info.plist in Resources */ = {isa = PBXBuildFile; fileRef = AF527AEB203CDF27009A222B /* GoogleService-Info.plist */; };
		AF527AEE203CDF28009A222B /* GoogleService-Info.plist in Resources */ = {isa = PBXBuildFile; fileRef = AF527AEB203CDF27009A222B /* GoogleService-Info.plist */; };
		AF65EA1A208153AF00E849C1 /* ProfileViewController.swift in Sources */ = {isa = PBXBuildFile; fileRef = AF65EA19208153AF00E849C1 /* ProfileViewController.swift */; };
		AF65EA1C2082C04C00E849C1 /* LeaderboardViewController.swift in Sources */ = {isa = PBXBuildFile; fileRef = AF65EA1B2082C04C00E849C1 /* LeaderboardViewController.swift */; };
		AF772742207B64940094C48A /* QuizViewController.swift in Sources */ = {isa = PBXBuildFile; fileRef = AF772741207B64940094C48A /* QuizViewController.swift */; };
		AF772745207B69790094C48A /* Questions.swift in Sources */ = {isa = PBXBuildFile; fileRef = AF772744207B69790094C48A /* Questions.swift */; };
		AF772747207B6F2D0094C48A /* UserProfile.swift in Sources */ = {isa = PBXBuildFile; fileRef = AF772746207B6F2D0094C48A /* UserProfile.swift */; };
		AF772749207B6FE60094C48A /* CategoryService.swift in Sources */ = {isa = PBXBuildFile; fileRef = AF772748207B6FE60094C48A /* CategoryService.swift */; };
		AF77274B207B70430094C48A /* Categories.swift in Sources */ = {isa = PBXBuildFile; fileRef = AF77274A207B70430094C48A /* Categories.swift */; };
		AF77274D207C5B3F0094C48A /* CategoryTableViewCell.swift in Sources */ = {isa = PBXBuildFile; fileRef = AF77274C207C5B3F0094C48A /* CategoryTableViewCell.swift */; };
		AF81350320A5B00A00422D89 /* ProfileQuizCell.swift in Sources */ = {isa = PBXBuildFile; fileRef = AF81350220A5B00A00422D89 /* ProfileQuizCell.swift */; };
		AF81350520A5BE1A00422D89 /* LeaderboardCell.swift in Sources */ = {isa = PBXBuildFile; fileRef = AF81350420A5BE1A00422D89 /* LeaderboardCell.swift */; };
		AF830C8D20511C960011DBA8 /* SignUpViewController.swift in Sources */ = {isa = PBXBuildFile; fileRef = AF830C8C20511C960011DBA8 /* SignUpViewController.swift */; };
		AF830C8F20511F310011DBA8 /* ButtonClasses.swift in Sources */ = {isa = PBXBuildFile; fileRef = AF830C8E20511F310011DBA8 /* ButtonClasses.swift */; };
		AF830C91205120570011DBA8 /* SignInViewController.swift in Sources */ = {isa = PBXBuildFile; fileRef = AF830C90205120570011DBA8 /* SignInViewController.swift */; };
		AF830C932051234C0011DBA8 /* MenuViewController.swift in Sources */ = {isa = PBXBuildFile; fileRef = AF830C922051234C0011DBA8 /* MenuViewController.swift */; };
		AF830C95205124210011DBA8 /* InitialViewController.swift in Sources */ = {isa = PBXBuildFile; fileRef = AF830C94205124210011DBA8 /* InitialViewController.swift */; };
		AFD71EB42035518A008C6D10 /* AppDelegate.swift in Sources */ = {isa = PBXBuildFile; fileRef = AFD71EB32035518A008C6D10 /* AppDelegate.swift */; };
		AFD71EB62035518A008C6D10 /* ViewController.swift in Sources */ = {isa = PBXBuildFile; fileRef = AFD71EB52035518A008C6D10 /* ViewController.swift */; };
		AFD71EB92035518A008C6D10 /* Main.storyboard in Resources */ = {isa = PBXBuildFile; fileRef = AFD71EB72035518A008C6D10 /* Main.storyboard */; };
		AFD71EBC2035518A008C6D10 /* Securis.xcdatamodeld in Sources */ = {isa = PBXBuildFile; fileRef = AFD71EBA2035518A008C6D10 /* Securis.xcdatamodeld */; };
		AFD71EBE2035518A008C6D10 /* Assets.xcassets in Resources */ = {isa = PBXBuildFile; fileRef = AFD71EBD2035518A008C6D10 /* Assets.xcassets */; };
		AFD71EC12035518A008C6D10 /* LaunchScreen.storyboard in Resources */ = {isa = PBXBuildFile; fileRef = AFD71EBF2035518A008C6D10 /* LaunchScreen.storyboard */; };
		AFD71ECC2035518A008C6D10 /* SecurisTests.swift in Sources */ = {isa = PBXBuildFile; fileRef = AFD71ECB2035518A008C6D10 /* SecurisTests.swift */; };
		AFD71ED72035518A008C6D10 /* SecurisUITests.swift in Sources */ = {isa = PBXBuildFile; fileRef = AFD71ED62035518A008C6D10 /* SecurisUITests.swift */; };
		AFDDA779206F095500EF507A /* HomeViewController.swift in Sources */ = {isa = PBXBuildFile; fileRef = AFDDA778206F095500EF507A /* HomeViewController.swift */; };
		D901CBBA8A10E14CB17A2425 /* Pods_Securis.framework in Frameworks */ = {isa = PBXBuildFile; fileRef = 80C6CDB687A5B2110B83654D /* Pods_Securis.framework */; };
/* End PBXBuildFile section */

/* Begin PBXContainerItemProxy section */
		AFD71EC82035518A008C6D10 /* PBXContainerItemProxy */ = {
			isa = PBXContainerItemProxy;
			containerPortal = AFD71EA82035518A008C6D10 /* Project object */;
			proxyType = 1;
			remoteGlobalIDString = AFD71EAF2035518A008C6D10;
			remoteInfo = Securis;
		};
		AFD71ED32035518A008C6D10 /* PBXContainerItemProxy */ = {
			isa = PBXContainerItemProxy;
			containerPortal = AFD71EA82035518A008C6D10 /* Project object */;
			proxyType = 1;
			remoteGlobalIDString = AFD71EAF2035518A008C6D10;
			remoteInfo = Securis;
		};
/* End PBXContainerItemProxy section */

/* Begin PBXFileReference section */
		127956CD13A24A84D3150669 /* Pods_SecurisTests.framework */ = {isa = PBXFileReference; explicitFileType = wrapper.framework; includeInIndex = 0; path = Pods_SecurisTests.framework; sourceTree = BUILT_PRODUCTS_DIR; };
		181B36B75D5C2F845A7784D2 /* Pods-SecurisTests.debug.xcconfig */ = {isa = PBXFileReference; includeInIndex = 1; lastKnownFileType = text.xcconfig; name = "Pods-SecurisTests.debug.xcconfig"; path = "Pods/Target Support Files/Pods-SecurisTests/Pods-SecurisTests.debug.xcconfig"; sourceTree = "<group>"; };
		33133BF804A4D66E5123FE63 /* Pods-Securis.release.xcconfig */ = {isa = PBXFileReference; includeInIndex = 1; lastKnownFileType = text.xcconfig; name = "Pods-Securis.release.xcconfig"; path = "Pods/Target Support Files/Pods-Securis/Pods-Securis.release.xcconfig"; sourceTree = "<group>"; };
		469CB07A2B8B8D2F47B73D75 /* Pods-SecurisUITests.debug.xcconfig */ = {isa = PBXFileReference; includeInIndex = 1; lastKnownFileType = text.xcconfig; name = "Pods-SecurisUITests.debug.xcconfig"; path = "Pods/Target Support Files/Pods-SecurisUITests/Pods-SecurisUITests.debug.xcconfig"; sourceTree = "<group>"; };
		80C6CDB687A5B2110B83654D /* Pods_Securis.framework */ = {isa = PBXFileReference; explicitFileType = wrapper.framework; includeInIndex = 0; path = Pods_Securis.framework; sourceTree = BUILT_PRODUCTS_DIR; };
		927A75898E4C0BEE90FEA70A /* Pods-Securis.debug.xcconfig */ = {isa = PBXFileReference; includeInIndex = 1; lastKnownFileType = text.xcconfig; name = "Pods-Securis.debug.xcconfig"; path = "Pods/Target Support Files/Pods-Securis/Pods-Securis.debug.xcconfig"; sourceTree = "<group>"; };
		97D1A06359DF3B32DBF7D80E /* Pods_SecurisUITests.framework */ = {isa = PBXFileReference; explicitFileType = wrapper.framework; includeInIndex = 0; path = Pods_SecurisUITests.framework; sourceTree = BUILT_PRODUCTS_DIR; };
		AF18FC5A2050B63C007F2C91 /* HelperExtensions.swift */ = {isa = PBXFileReference; lastKnownFileType = sourcecode.swift; path = HelperExtensions.swift; sourceTree = "<group>"; };
		AF36554B20AC18E70097AB2D /* ImageService.swift */ = {isa = PBXFileReference; lastKnownFileType = sourcecode.swift; path = ImageService.swift; sourceTree = "<group>"; };
		AF36554D20AC199A0097AB2D /* UserService.swift */ = {isa = PBXFileReference; lastKnownFileType = sourcecode.swift; path = UserService.swift; sourceTree = "<group>"; };
		AF3C124B2092FC6D006F3429 /* QuizResultsViewController.swift */ = {isa = PBXFileReference; lastKnownFileType = sourcecode.swift; path = QuizResultsViewController.swift; sourceTree = "<group>"; };
		AF3C124D2095423D006F3429 /* UserAnswer.swift */ = {isa = PBXFileReference; lastKnownFileType = sourcecode.swift; path = UserAnswer.swift; sourceTree = "<group>"; };
		AF3C124F209543C7006F3429 /* QuizResults.swift */ = {isa = PBXFileReference; lastKnownFileType = sourcecode.swift; path = QuizResults.swift; sourceTree = "<group>"; };
		AF3C125120969051006F3429 /* ResultsTableViewCell.swift */ = {isa = PBXFileReference; lastKnownFileType = sourcecode.swift; path = ResultsTableViewCell.swift; sourceTree = "<group>"; };
		AF527AE9203CBDF1009A222B /* SlideSegue.swift */ = {isa = PBXFileReference; lastKnownFileType = sourcecode.swift; path = SlideSegue.swift; sourceTree = "<group>"; };
		AF527AEB203CDF27009A222B /* GoogleService-Info.plist */ = {isa = PBXFileReference; fileEncoding = 4; lastKnownFileType = text.plist.xml; name = "GoogleService-Info.plist"; path = "../../../Downloads/GoogleService-Info.plist"; sourceTree = "<group>"; };
		AF65EA19208153AF00E849C1 /* ProfileViewController.swift */ = {isa = PBXFileReference; lastKnownFileType = sourcecode.swift; path = ProfileViewController.swift; sourceTree = "<group>"; };
		AF65EA1B2082C04C00E849C1 /* LeaderboardViewController.swift */ = {isa = PBXFileReference; lastKnownFileType = sourcecode.swift; path = LeaderboardViewController.swift; sourceTree = "<group>"; };
		AF772741207B64940094C48A /* QuizViewController.swift */ = {isa = PBXFileReference; lastKnownFileType = sourcecode.swift; path = QuizViewController.swift; sourceTree = "<group>"; };
		AF772744207B69790094C48A /* Questions.swift */ = {isa = PBXFileReference; lastKnownFileType = sourcecode.swift; path = Questions.swift; sourceTree = "<group>"; };
		AF772746207B6F2D0094C48A /* UserProfile.swift */ = {isa = PBXFileReference; lastKnownFileType = sourcecode.swift; path = UserProfile.swift; sourceTree = "<group>"; };
		AF772748207B6FE60094C48A /* CategoryService.swift */ = {isa = PBXFileReference; lastKnownFileType = sourcecode.swift; path = CategoryService.swift; sourceTree = "<group>"; };
		AF77274A207B70430094C48A /* Categories.swift */ = {isa = PBXFileReference; lastKnownFileType = sourcecode.swift; path = Categories.swift; sourceTree = "<group>"; };
		AF77274C207C5B3F0094C48A /* CategoryTableViewCell.swift */ = {isa = PBXFileReference; lastKnownFileType = sourcecode.swift; path = CategoryTableViewCell.swift; sourceTree = "<group>"; };
		AF81350220A5B00A00422D89 /* ProfileQuizCell.swift */ = {isa = PBXFileReference; lastKnownFileType = sourcecode.swift; path = ProfileQuizCell.swift; sourceTree = "<group>"; };
		AF81350420A5BE1A00422D89 /* LeaderboardCell.swift */ = {isa = PBXFileReference; lastKnownFileType = sourcecode.swift; path = LeaderboardCell.swift; sourceTree = "<group>"; };
		AF830C8C20511C960011DBA8 /* SignUpViewController.swift */ = {isa = PBXFileReference; lastKnownFileType = sourcecode.swift; path = SignUpViewController.swift; sourceTree = "<group>"; };
		AF830C8E20511F310011DBA8 /* ButtonClasses.swift */ = {isa = PBXFileReference; lastKnownFileType = sourcecode.swift; path = ButtonClasses.swift; sourceTree = "<group>"; };
		AF830C90205120570011DBA8 /* SignInViewController.swift */ = {isa = PBXFileReference; lastKnownFileType = sourcecode.swift; path = SignInViewController.swift; sourceTree = "<group>"; };
		AF830C922051234C0011DBA8 /* MenuViewController.swift */ = {isa = PBXFileReference; lastKnownFileType = sourcecode.swift; path = MenuViewController.swift; sourceTree = "<group>"; };
		AF830C94205124210011DBA8 /* InitialViewController.swift */ = {isa = PBXFileReference; lastKnownFileType = sourcecode.swift; path = InitialViewController.swift; sourceTree = "<group>"; };
		AFD71EB02035518A008C6D10 /* Securis.app */ = {isa = PBXFileReference; explicitFileType = wrapper.application; includeInIndex = 0; path = Securis.app; sourceTree = BUILT_PRODUCTS_DIR; };
		AFD71EB32035518A008C6D10 /* AppDelegate.swift */ = {isa = PBXFileReference; lastKnownFileType = sourcecode.swift; path = AppDelegate.swift; sourceTree = "<group>"; };
		AFD71EB52035518A008C6D10 /* ViewController.swift */ = {isa = PBXFileReference; lastKnownFileType = sourcecode.swift; path = ViewController.swift; sourceTree = "<group>"; };
		AFD71EB82035518A008C6D10 /* Base */ = {isa = PBXFileReference; lastKnownFileType = file.storyboard; name = Base; path = Base.lproj/Main.storyboard; sourceTree = "<group>"; };
		AFD71EBB2035518A008C6D10 /* Securis.xcdatamodel */ = {isa = PBXFileReference; lastKnownFileType = wrapper.xcdatamodel; path = Securis.xcdatamodel; sourceTree = "<group>"; };
		AFD71EBD2035518A008C6D10 /* Assets.xcassets */ = {isa = PBXFileReference; lastKnownFileType = folder.assetcatalog; path = Assets.xcassets; sourceTree = "<group>"; };
		AFD71EC02035518A008C6D10 /* Base */ = {isa = PBXFileReference; lastKnownFileType = file.storyboard; name = Base; path = Base.lproj/LaunchScreen.storyboard; sourceTree = "<group>"; };
		AFD71EC22035518A008C6D10 /* Info.plist */ = {isa = PBXFileReference; lastKnownFileType = text.plist.xml; path = Info.plist; sourceTree = "<group>"; };
		AFD71EC72035518A008C6D10 /* SecurisTests.xctest */ = {isa = PBXFileReference; explicitFileType = wrapper.cfbundle; includeInIndex = 0; path = SecurisTests.xctest; sourceTree = BUILT_PRODUCTS_DIR; };
		AFD71ECB2035518A008C6D10 /* SecurisTests.swift */ = {isa = PBXFileReference; lastKnownFileType = sourcecode.swift; path = SecurisTests.swift; sourceTree = "<group>"; };
		AFD71ECD2035518A008C6D10 /* Info.plist */ = {isa = PBXFileReference; lastKnownFileType = text.plist.xml; path = Info.plist; sourceTree = "<group>"; };
		AFD71ED22035518A008C6D10 /* SecurisUITests.xctest */ = {isa = PBXFileReference; explicitFileType = wrapper.cfbundle; includeInIndex = 0; path = SecurisUITests.xctest; sourceTree = BUILT_PRODUCTS_DIR; };
		AFD71ED62035518A008C6D10 /* SecurisUITests.swift */ = {isa = PBXFileReference; lastKnownFileType = sourcecode.swift; path = SecurisUITests.swift; sourceTree = "<group>"; };
		AFD71ED82035518A008C6D10 /* Info.plist */ = {isa = PBXFileReference; lastKnownFileType = text.plist.xml; path = Info.plist; sourceTree = "<group>"; };
		AFDDA778206F095500EF507A /* HomeViewController.swift */ = {isa = PBXFileReference; lastKnownFileType = sourcecode.swift; path = HomeViewController.swift; sourceTree = "<group>"; };
		C600008282896CDC67D9668D /* Pods-SecurisTests.release.xcconfig */ = {isa = PBXFileReference; includeInIndex = 1; lastKnownFileType = text.xcconfig; name = "Pods-SecurisTests.release.xcconfig"; path = "Pods/Target Support Files/Pods-SecurisTests/Pods-SecurisTests.release.xcconfig"; sourceTree = "<group>"; };
		E64CC0C8AE607DE95BEF55A1 /* Pods-SecurisUITests.release.xcconfig */ = {isa = PBXFileReference; includeInIndex = 1; lastKnownFileType = text.xcconfig; name = "Pods-SecurisUITests.release.xcconfig"; path = "Pods/Target Support Files/Pods-SecurisUITests/Pods-SecurisUITests.release.xcconfig"; sourceTree = "<group>"; };
/* End PBXFileReference section */

/* Begin PBXFrameworksBuildPhase section */
		AFD71EAD2035518A008C6D10 /* Frameworks */ = {
			isa = PBXFrameworksBuildPhase;
			buildActionMask = 2147483647;
			files = (
				D901CBBA8A10E14CB17A2425 /* Pods_Securis.framework in Frameworks */,
			);
			runOnlyForDeploymentPostprocessing = 0;
		};
		AFD71EC42035518A008C6D10 /* Frameworks */ = {
			isa = PBXFrameworksBuildPhase;
			buildActionMask = 2147483647;
			files = (
				54F16E00AE32CFEA2A2505F0 /* Pods_SecurisTests.framework in Frameworks */,
			);
			runOnlyForDeploymentPostprocessing = 0;
		};
		AFD71ECF2035518A008C6D10 /* Frameworks */ = {
			isa = PBXFrameworksBuildPhase;
			buildActionMask = 2147483647;
			files = (
				11A5AFA72729D289F9A20953 /* Pods_SecurisUITests.framework in Frameworks */,
			);
			runOnlyForDeploymentPostprocessing = 0;
		};
/* End PBXFrameworksBuildPhase section */

/* Begin PBXGroup section */
		66A3697268F39832E5B95E28 /* Frameworks */ = {
			isa = PBXGroup;
			children = (
				80C6CDB687A5B2110B83654D /* Pods_Securis.framework */,
				127956CD13A24A84D3150669 /* Pods_SecurisTests.framework */,
				97D1A06359DF3B32DBF7D80E /* Pods_SecurisUITests.framework */,
			);
			name = Frameworks;
			sourceTree = "<group>";
		};
		766DE26577846918BC991B37 /* Pods */ = {
			isa = PBXGroup;
			children = (
				927A75898E4C0BEE90FEA70A /* Pods-Securis.debug.xcconfig */,
				33133BF804A4D66E5123FE63 /* Pods-Securis.release.xcconfig */,
				181B36B75D5C2F845A7784D2 /* Pods-SecurisTests.debug.xcconfig */,
				C600008282896CDC67D9668D /* Pods-SecurisTests.release.xcconfig */,
				469CB07A2B8B8D2F47B73D75 /* Pods-SecurisUITests.debug.xcconfig */,
				E64CC0C8AE607DE95BEF55A1 /* Pods-SecurisUITests.release.xcconfig */,
			);
			name = Pods;
			sourceTree = "<group>";
		};
		AF36554F20AC19A10097AB2D /* Services */ = {
			isa = PBXGroup;
			children = (
				AF36554B20AC18E70097AB2D /* ImageService.swift */,
				AF36554D20AC199A0097AB2D /* UserService.swift */,
			);
			path = Services;
			sourceTree = "<group>";
		};
		AF772740207B62510094C48A /* Supporting Files */ = {
			isa = PBXGroup;
			children = (
				AF18FC5A2050B63C007F2C91 /* HelperExtensions.swift */,
				AF830C8E20511F310011DBA8 /* ButtonClasses.swift */,
				AF527AE9203CBDF1009A222B /* SlideSegue.swift */,
			);
			path = "Supporting Files";
			sourceTree = "<group>";
		};
		AF772743207B69580094C48A /* Model */ = {
			isa = PBXGroup;
			children = (
				AF772744207B69790094C48A /* Questions.swift */,
				AF3C124D2095423D006F3429 /* UserAnswer.swift */,
				AF772746207B6F2D0094C48A /* UserProfile.swift */,
				AF772748207B6FE60094C48A /* CategoryService.swift */,
				AF77274A207B70430094C48A /* Categories.swift */,
				AF3C124F209543C7006F3429 /* QuizResults.swift */,
			);
			path = Model;
			sourceTree = "<group>";
		};
		AFD71EA72035518A008C6D10 = {
			isa = PBXGroup;
			children = (
				AFD71EB22035518A008C6D10 /* Securis */,
				AFD71ECA2035518A008C6D10 /* SecurisTests */,
				AFD71ED52035518A008C6D10 /* SecurisUITests */,
				AFD71EB12035518A008C6D10 /* Products */,
				766DE26577846918BC991B37 /* Pods */,
				66A3697268F39832E5B95E28 /* Frameworks */,
			);
			sourceTree = "<group>";
		};
		AFD71EB12035518A008C6D10 /* Products */ = {
			isa = PBXGroup;
			children = (
				AFD71EB02035518A008C6D10 /* Securis.app */,
				AFD71EC72035518A008C6D10 /* SecurisTests.xctest */,
				AFD71ED22035518A008C6D10 /* SecurisUITests.xctest */,
			);
			name = Products;
			sourceTree = "<group>";
		};
		AFD71EB22035518A008C6D10 /* Securis */ = {
			isa = PBXGroup;
			children = (
				AF772743207B69580094C48A /* Model */,
				AFD71EB32035518A008C6D10 /* AppDelegate.swift */,
				AFD71EB52035518A008C6D10 /* ViewController.swift */,
				AF830C94205124210011DBA8 /* InitialViewController.swift */,
				AF830C922051234C0011DBA8 /* MenuViewController.swift */,
				AF830C90205120570011DBA8 /* SignInViewController.swift */,
				AF830C8C20511C960011DBA8 /* SignUpViewController.swift */,
				AFDDA778206F095500EF507A /* HomeViewController.swift */,
				AF772740207B62510094C48A /* Supporting Files */,
				AFD71EB72035518A008C6D10 /* Main.storyboard */,
				AF3C125120969051006F3429 /* ResultsTableViewCell.swift */,
				AF65EA1B2082C04C00E849C1 /* LeaderboardViewController.swift */,
				AF3C124B2092FC6D006F3429 /* QuizResultsViewController.swift */,
				AF77274C207C5B3F0094C48A /* CategoryTableViewCell.swift */,
				AF81350220A5B00A00422D89 /* ProfileQuizCell.swift */,
				AF81350420A5BE1A00422D89 /* LeaderboardCell.swift */,
				AF772741207B64940094C48A /* QuizViewController.swift */,
				AF65EA19208153AF00E849C1 /* ProfileViewController.swift */,
				AF36554F20AC19A10097AB2D /* Services */,
				AFD71EBD2035518A008C6D10 /* Assets.xcassets */,
				AFD71EBF2035518A008C6D10 /* LaunchScreen.storyboard */,
				AFD71EC22035518A008C6D10 /* Info.plist */,
				AF527AEB203CDF27009A222B /* GoogleService-Info.plist */,
				AFD71EBA2035518A008C6D10 /* Securis.xcdatamodeld */,
			);
			path = Securis;
			sourceTree = "<group>";
		};
		AFD71ECA2035518A008C6D10 /* SecurisTests */ = {
			isa = PBXGroup;
			children = (
				AFD71ECB2035518A008C6D10 /* SecurisTests.swift */,
				AFD71ECD2035518A008C6D10 /* Info.plist */,
			);
			path = SecurisTests;
			sourceTree = "<group>";
		};
		AFD71ED52035518A008C6D10 /* SecurisUITests */ = {
			isa = PBXGroup;
			children = (
				AFD71ED62035518A008C6D10 /* SecurisUITests.swift */,
				AFD71ED82035518A008C6D10 /* Info.plist */,
			);
			path = SecurisUITests;
			sourceTree = "<group>";
		};
/* End PBXGroup section */

/* Begin PBXNativeTarget section */
		AFD71EAF2035518A008C6D10 /* Securis */ = {
			isa = PBXNativeTarget;
			buildConfigurationList = AFD71EDB2035518A008C6D10 /* Build configuration list for PBXNativeTarget "Securis" */;
			buildPhases = (
				1F5A5460AC5A6298E43F2721 /* [CP] Check Pods Manifest.lock */,
				AFD71EAC2035518A008C6D10 /* Sources */,
				AFD71EAD2035518A008C6D10 /* Frameworks */,
				AFD71EAE2035518A008C6D10 /* Resources */,
				AC0058943BB436AAF07A6A79 /* [CP] Embed Pods Frameworks */,
				C5A9AF582FA98C4A191418BF /* [CP] Copy Pods Resources */,
			);
			buildRules = (
			);
			dependencies = (
			);
			name = Securis;
			productName = Securis;
			productReference = AFD71EB02035518A008C6D10 /* Securis.app */;
			productType = "com.apple.product-type.application";
		};
		AFD71EC62035518A008C6D10 /* SecurisTests */ = {
			isa = PBXNativeTarget;
			buildConfigurationList = AFD71EDE2035518A008C6D10 /* Build configuration list for PBXNativeTarget "SecurisTests" */;
			buildPhases = (
				9B8751BFB0FF9022388159D0 /* [CP] Check Pods Manifest.lock */,
				AFD71EC32035518A008C6D10 /* Sources */,
				AFD71EC42035518A008C6D10 /* Frameworks */,
				AFD71EC52035518A008C6D10 /* Resources */,
				F2D864368B03A97B27E1A716 /* [CP] Embed Pods Frameworks */,
				709E26CFC51E90ED523AFE3D /* [CP] Copy Pods Resources */,
			);
			buildRules = (
			);
			dependencies = (
				AFD71EC92035518A008C6D10 /* PBXTargetDependency */,
			);
			name = SecurisTests;
			productName = SecurisTests;
			productReference = AFD71EC72035518A008C6D10 /* SecurisTests.xctest */;
			productType = "com.apple.product-type.bundle.unit-test";
		};
		AFD71ED12035518A008C6D10 /* SecurisUITests */ = {
			isa = PBXNativeTarget;
			buildConfigurationList = AFD71EE12035518A008C6D10 /* Build configuration list for PBXNativeTarget "SecurisUITests" */;
			buildPhases = (
				18AAB0D1AE241A4EB232A69B /* [CP] Check Pods Manifest.lock */,
				AFD71ECE2035518A008C6D10 /* Sources */,
				AFD71ECF2035518A008C6D10 /* Frameworks */,
				AFD71ED02035518A008C6D10 /* Resources */,
				F6E04CC1E7533B69353648D4 /* [CP] Embed Pods Frameworks */,
				03B3341CF9DB2D40E5E1DEB3 /* [CP] Copy Pods Resources */,
			);
			buildRules = (
			);
			dependencies = (
				AFD71ED42035518A008C6D10 /* PBXTargetDependency */,
			);
			name = SecurisUITests;
			productName = SecurisUITests;
			productReference = AFD71ED22035518A008C6D10 /* SecurisUITests.xctest */;
			productType = "com.apple.product-type.bundle.ui-testing";
		};
/* End PBXNativeTarget section */

/* Begin PBXProject section */
		AFD71EA82035518A008C6D10 /* Project object */ = {
			isa = PBXProject;
			attributes = {
				LastSwiftUpdateCheck = 0920;
				LastUpgradeCheck = 0930;
				ORGANIZATIONNAME = "Derek Roberts";
				TargetAttributes = {
					AFD71EAF2035518A008C6D10 = {
						CreatedOnToolsVersion = 9.2;
						ProvisioningStyle = Automatic;
					};
					AFD71EC62035518A008C6D10 = {
						CreatedOnToolsVersion = 9.2;
						ProvisioningStyle = Automatic;
						TestTargetID = AFD71EAF2035518A008C6D10;
					};
					AFD71ED12035518A008C6D10 = {
						CreatedOnToolsVersion = 9.2;
						ProvisioningStyle = Automatic;
						TestTargetID = AFD71EAF2035518A008C6D10;
					};
				};
			};
			buildConfigurationList = AFD71EAB2035518A008C6D10 /* Build configuration list for PBXProject "Securis" */;
			compatibilityVersion = "Xcode 8.0";
			developmentRegion = en;
			hasScannedForEncodings = 0;
			knownRegions = (
				en,
				Base,
			);
			mainGroup = AFD71EA72035518A008C6D10;
			productRefGroup = AFD71EB12035518A008C6D10 /* Products */;
			projectDirPath = "";
			projectRoot = "";
			targets = (
				AFD71EAF2035518A008C6D10 /* Securis */,
				AFD71EC62035518A008C6D10 /* SecurisTests */,
				AFD71ED12035518A008C6D10 /* SecurisUITests */,
			);
		};
/* End PBXProject section */

/* Begin PBXResourcesBuildPhase section */
		AFD71EAE2035518A008C6D10 /* Resources */ = {
			isa = PBXResourcesBuildPhase;
			buildActionMask = 2147483647;
			files = (
				AFD71EC12035518A008C6D10 /* LaunchScreen.storyboard in Resources */,
				AF527AEC203CDF28009A222B /* GoogleService-Info.plist in Resources */,
				AFD71EBE2035518A008C6D10 /* Assets.xcassets in Resources */,
				AFD71EB92035518A008C6D10 /* Main.storyboard in Resources */,
			);
			runOnlyForDeploymentPostprocessing = 0;
		};
		AFD71EC52035518A008C6D10 /* Resources */ = {
			isa = PBXResourcesBuildPhase;
			buildActionMask = 2147483647;
			files = (
				AF527AED203CDF28009A222B /* GoogleService-Info.plist in Resources */,
			);
			runOnlyForDeploymentPostprocessing = 0;
		};
		AFD71ED02035518A008C6D10 /* Resources */ = {
			isa = PBXResourcesBuildPhase;
			buildActionMask = 2147483647;
			files = (
				AF527AEE203CDF28009A222B /* GoogleService-Info.plist in Resources */,
			);
			runOnlyForDeploymentPostprocessing = 0;
		};
/* End PBXResourcesBuildPhase section */

/* Begin PBXShellScriptBuildPhase section */
		03B3341CF9DB2D40E5E1DEB3 /* [CP] Copy Pods Resources */ = {
			isa = PBXShellScriptBuildPhase;
			buildActionMask = 2147483647;
			files = (
			);
			inputPaths = (
			);
			name = "[CP] Copy Pods Resources";
			outputPaths = (
			);
			runOnlyForDeploymentPostprocessing = 0;
			shellPath = /bin/sh;
			shellScript = "\"${SRCROOT}/Pods/Target Support Files/Pods-SecurisUITests/Pods-SecurisUITests-resources.sh\"\n";
			showEnvVarsInLog = 0;
		};
		18AAB0D1AE241A4EB232A69B /* [CP] Check Pods Manifest.lock */ = {
			isa = PBXShellScriptBuildPhase;
			buildActionMask = 2147483647;
			files = (
			);
			inputPaths = (
				"${PODS_PODFILE_DIR_PATH}/Podfile.lock",
				"${PODS_ROOT}/Manifest.lock",
			);
			name = "[CP] Check Pods Manifest.lock";
			outputPaths = (
				"$(DERIVED_FILE_DIR)/Pods-SecurisUITests-checkManifestLockResult.txt",
			);
			runOnlyForDeploymentPostprocessing = 0;
			shellPath = /bin/sh;
			shellScript = "diff \"${PODS_PODFILE_DIR_PATH}/Podfile.lock\" \"${PODS_ROOT}/Manifest.lock\" > /dev/null\nif [ $? != 0 ] ; then\n    # print error to STDERR\n    echo \"error: The sandbox is not in sync with the Podfile.lock. Run 'pod install' or update your CocoaPods installation.\" >&2\n    exit 1\nfi\n# This output is used by Xcode 'outputs' to avoid re-running this script phase.\necho \"SUCCESS\" > \"${SCRIPT_OUTPUT_FILE_0}\"\n";
			showEnvVarsInLog = 0;
		};
		1F5A5460AC5A6298E43F2721 /* [CP] Check Pods Manifest.lock */ = {
			isa = PBXShellScriptBuildPhase;
			buildActionMask = 2147483647;
			files = (
			);
			inputPaths = (
				"${PODS_PODFILE_DIR_PATH}/Podfile.lock",
				"${PODS_ROOT}/Manifest.lock",
			);
			name = "[CP] Check Pods Manifest.lock";
			outputPaths = (
				"$(DERIVED_FILE_DIR)/Pods-Securis-checkManifestLockResult.txt",
			);
			runOnlyForDeploymentPostprocessing = 0;
			shellPath = /bin/sh;
			shellScript = "diff \"${PODS_PODFILE_DIR_PATH}/Podfile.lock\" \"${PODS_ROOT}/Manifest.lock\" > /dev/null\nif [ $? != 0 ] ; then\n    # print error to STDERR\n    echo \"error: The sandbox is not in sync with the Podfile.lock. Run 'pod install' or update your CocoaPods installation.\" >&2\n    exit 1\nfi\n# This output is used by Xcode 'outputs' to avoid re-running this script phase.\necho \"SUCCESS\" > \"${SCRIPT_OUTPUT_FILE_0}\"\n";
			showEnvVarsInLog = 0;
		};
		709E26CFC51E90ED523AFE3D /* [CP] Copy Pods Resources */ = {
			isa = PBXShellScriptBuildPhase;
			buildActionMask = 2147483647;
			files = (
			);
			inputPaths = (
			);
			name = "[CP] Copy Pods Resources";
			outputPaths = (
			);
			runOnlyForDeploymentPostprocessing = 0;
			shellPath = /bin/sh;
			shellScript = "\"${SRCROOT}/Pods/Target Support Files/Pods-SecurisTests/Pods-SecurisTests-resources.sh\"\n";
			showEnvVarsInLog = 0;
		};
		9B8751BFB0FF9022388159D0 /* [CP] Check Pods Manifest.lock */ = {
			isa = PBXShellScriptBuildPhase;
			buildActionMask = 2147483647;
			files = (
			);
			inputPaths = (
				"${PODS_PODFILE_DIR_PATH}/Podfile.lock",
				"${PODS_ROOT}/Manifest.lock",
			);
			name = "[CP] Check Pods Manifest.lock";
			outputPaths = (
				"$(DERIVED_FILE_DIR)/Pods-SecurisTests-checkManifestLockResult.txt",
			);
			runOnlyForDeploymentPostprocessing = 0;
			shellPath = /bin/sh;
			shellScript = "diff \"${PODS_PODFILE_DIR_PATH}/Podfile.lock\" \"${PODS_ROOT}/Manifest.lock\" > /dev/null\nif [ $? != 0 ] ; then\n    # print error to STDERR\n    echo \"error: The sandbox is not in sync with the Podfile.lock. Run 'pod install' or update your CocoaPods installation.\" >&2\n    exit 1\nfi\n# This output is used by Xcode 'outputs' to avoid re-running this script phase.\necho \"SUCCESS\" > \"${SCRIPT_OUTPUT_FILE_0}\"\n";
			showEnvVarsInLog = 0;
		};
		AC0058943BB436AAF07A6A79 /* [CP] Embed Pods Frameworks */ = {
			isa = PBXShellScriptBuildPhase;
			buildActionMask = 2147483647;
			files = (
			);
			inputPaths = (
				"${SRCROOT}/Pods/Target Support Files/Pods-Securis/Pods-Securis-frameworks.sh",
				"${BUILT_PRODUCTS_DIR}/GTMSessionFetcher/GTMSessionFetcher.framework",
				"${BUILT_PRODUCTS_DIR}/GoogleToolboxForMac/GoogleToolboxForMac.framework",
				"${BUILT_PRODUCTS_DIR}/leveldb-library/leveldb.framework",
				"${BUILT_PRODUCTS_DIR}/nanopb/nanopb.framework",
			);
			name = "[CP] Embed Pods Frameworks";
			outputPaths = (
				"${TARGET_BUILD_DIR}/${FRAMEWORKS_FOLDER_PATH}/GTMSessionFetcher.framework",
				"${TARGET_BUILD_DIR}/${FRAMEWORKS_FOLDER_PATH}/GoogleToolboxForMac.framework",
				"${TARGET_BUILD_DIR}/${FRAMEWORKS_FOLDER_PATH}/leveldb.framework",
				"${TARGET_BUILD_DIR}/${FRAMEWORKS_FOLDER_PATH}/nanopb.framework",
			);
			runOnlyForDeploymentPostprocessing = 0;
			shellPath = /bin/sh;
			shellScript = "\"${SRCROOT}/Pods/Target Support Files/Pods-Securis/Pods-Securis-frameworks.sh\"\n";
			showEnvVarsInLog = 0;
		};
		C5A9AF582FA98C4A191418BF /* [CP] Copy Pods Resources */ = {
			isa = PBXShellScriptBuildPhase;
			buildActionMask = 2147483647;
			files = (
			);
			inputPaths = (
				"${SRCROOT}/Pods/Target Support Files/Pods-Securis/Pods-Securis-resources.sh",
				"${PODS_CONFIGURATION_BUILD_DIR}/FirebaseUI/FirebaseAuthUI.bundle",
				"${PODS_CONFIGURATION_BUILD_DIR}/FirebaseUI/FirebaseFacebookAuthUI.bundle",
				"${PODS_CONFIGURATION_BUILD_DIR}/FirebaseUI/FirebaseGoogleAuthUI.bundle",
				"${PODS_ROOT}/GoogleSignIn/Resources/GoogleSignIn.bundle",
			);
			name = "[CP] Copy Pods Resources";
			outputPaths = (
				"${TARGET_BUILD_DIR}/${UNLOCALIZED_RESOURCES_FOLDER_PATH}/FirebaseAuthUI.bundle",
				"${TARGET_BUILD_DIR}/${UNLOCALIZED_RESOURCES_FOLDER_PATH}/FirebaseFacebookAuthUI.bundle",
				"${TARGET_BUILD_DIR}/${UNLOCALIZED_RESOURCES_FOLDER_PATH}/FirebaseGoogleAuthUI.bundle",
				"${TARGET_BUILD_DIR}/${UNLOCALIZED_RESOURCES_FOLDER_PATH}/GoogleSignIn.bundle",
			);
			runOnlyForDeploymentPostprocessing = 0;
			shellPath = /bin/sh;
			shellScript = "\"${SRCROOT}/Pods/Target Support Files/Pods-Securis/Pods-Securis-resources.sh\"\n";
			showEnvVarsInLog = 0;
		};
		F2D864368B03A97B27E1A716 /* [CP] Embed Pods Frameworks */ = {
			isa = PBXShellScriptBuildPhase;
			buildActionMask = 2147483647;
			files = (
			);
			inputPaths = (
			);
			name = "[CP] Embed Pods Frameworks";
			outputPaths = (
			);
			runOnlyForDeploymentPostprocessing = 0;
			shellPath = /bin/sh;
			shellScript = "\"${SRCROOT}/Pods/Target Support Files/Pods-SecurisTests/Pods-SecurisTests-frameworks.sh\"\n";
			showEnvVarsInLog = 0;
		};
		F6E04CC1E7533B69353648D4 /* [CP] Embed Pods Frameworks */ = {
			isa = PBXShellScriptBuildPhase;
			buildActionMask = 2147483647;
			files = (
			);
			inputPaths = (
			);
			name = "[CP] Embed Pods Frameworks";
			outputPaths = (
			);
			runOnlyForDeploymentPostprocessing = 0;
			shellPath = /bin/sh;
			shellScript = "\"${SRCROOT}/Pods/Target Support Files/Pods-SecurisUITests/Pods-SecurisUITests-frameworks.sh\"\n";
			showEnvVarsInLog = 0;
		};
/* End PBXShellScriptBuildPhase section */

/* Begin PBXSourcesBuildPhase section */
		AFD71EAC2035518A008C6D10 /* Sources */ = {
			isa = PBXSourcesBuildPhase;
			buildActionMask = 2147483647;
			files = (
				AF772745207B69790094C48A /* Questions.swift in Sources */,
				AF3C125220969051006F3429 /* ResultsTableViewCell.swift in Sources */,
				AF36554E20AC199A0097AB2D /* UserService.swift in Sources */,
				AF77274B207B70430094C48A /* Categories.swift in Sources */,
				AF830C8F20511F310011DBA8 /* ButtonClasses.swift in Sources */,
				AF772747207B6F2D0094C48A /* UserProfile.swift in Sources */,
				AF830C8D20511C960011DBA8 /* SignUpViewController.swift in Sources */,
				AF3C1250209543C7006F3429 /* QuizResults.swift in Sources */,
				AFD71EB62035518A008C6D10 /* ViewController.swift in Sources */,
				AF65EA1A208153AF00E849C1 /* ProfileViewController.swift in Sources */,
				AF772742207B64940094C48A /* QuizViewController.swift in Sources */,
				AF527AEA203CBDF1009A222B /* SlideSegue.swift in Sources */,
				AF81350520A5BE1A00422D89 /* LeaderboardCell.swift in Sources */,
				AF830C932051234C0011DBA8 /* MenuViewController.swift in Sources */,
				AF830C95205124210011DBA8 /* InitialViewController.swift in Sources */,
				AF772749207B6FE60094C48A /* CategoryService.swift in Sources */,
				AF3C124E2095423D006F3429 /* UserAnswer.swift in Sources */,
				AF830C91205120570011DBA8 /* SignInViewController.swift in Sources */,
				AFDDA779206F095500EF507A /* HomeViewController.swift in Sources */,
				AF18FC5B2050B63C007F2C91 /* HelperExtensions.swift in Sources */,
				AF81350320A5B00A00422D89 /* ProfileQuizCell.swift in Sources */,
				AF65EA1C2082C04C00E849C1 /* LeaderboardViewController.swift in Sources */,
				AF36554C20AC18E70097AB2D /* ImageService.swift in Sources */,
				AF3C124C2092FC6D006F3429 /* QuizResultsViewController.swift in Sources */,
				AFD71EBC2035518A008C6D10 /* Securis.xcdatamodeld in Sources */,
				AFD71EB42035518A008C6D10 /* AppDelegate.swift in Sources */,
				AF77274D207C5B3F0094C48A /* CategoryTableViewCell.swift in Sources */,
			);
			runOnlyForDeploymentPostprocessing = 0;
		};
		AFD71EC32035518A008C6D10 /* Sources */ = {
			isa = PBXSourcesBuildPhase;
			buildActionMask = 2147483647;
			files = (
				AFD71ECC2035518A008C6D10 /* SecurisTests.swift in Sources */,
			);
			runOnlyForDeploymentPostprocessing = 0;
		};
		AFD71ECE2035518A008C6D10 /* Sources */ = {
			isa = PBXSourcesBuildPhase;
			buildActionMask = 2147483647;
			files = (
				AFD71ED72035518A008C6D10 /* SecurisUITests.swift in Sources */,
			);
			runOnlyForDeploymentPostprocessing = 0;
		};
/* End PBXSourcesBuildPhase section */

/* Begin PBXTargetDependency section */
		AFD71EC92035518A008C6D10 /* PBXTargetDependency */ = {
			isa = PBXTargetDependency;
			target = AFD71EAF2035518A008C6D10 /* Securis */;
			targetProxy = AFD71EC82035518A008C6D10 /* PBXContainerItemProxy */;
		};
		AFD71ED42035518A008C6D10 /* PBXTargetDependency */ = {
			isa = PBXTargetDependency;
			target = AFD71EAF2035518A008C6D10 /* Securis */;
			targetProxy = AFD71ED32035518A008C6D10 /* PBXContainerItemProxy */;
		};
/* End PBXTargetDependency section */

/* Begin PBXVariantGroup section */
		AFD71EB72035518A008C6D10 /* Main.storyboard */ = {
			isa = PBXVariantGroup;
			children = (
				AFD71EB82035518A008C6D10 /* Base */,
			);
			name = Main.storyboard;
			sourceTree = "<group>";
		};
		AFD71EBF2035518A008C6D10 /* LaunchScreen.storyboard */ = {
			isa = PBXVariantGroup;
			children = (
				AFD71EC02035518A008C6D10 /* Base */,
			);
			name = LaunchScreen.storyboard;
			sourceTree = "<group>";
		};
/* End PBXVariantGroup section */

/* Begin XCBuildConfiguration section */
		AFD71ED92035518A008C6D10 /* Debug */ = {
			isa = XCBuildConfiguration;
			buildSettings = {
				ALWAYS_SEARCH_USER_PATHS = NO;
				CLANG_ANALYZER_NONNULL = YES;
				CLANG_ANALYZER_NUMBER_OBJECT_CONVERSION = YES_AGGRESSIVE;
				CLANG_CXX_LANGUAGE_STANDARD = "gnu++14";
				CLANG_CXX_LIBRARY = "libc++";
				CLANG_ENABLE_MODULES = YES;
				CLANG_ENABLE_OBJC_ARC = YES;
				CLANG_WARN_BLOCK_CAPTURE_AUTORELEASING = YES;
				CLANG_WARN_BOOL_CONVERSION = YES;
				CLANG_WARN_COMMA = YES;
				CLANG_WARN_CONSTANT_CONVERSION = YES;
				CLANG_WARN_DEPRECATED_OBJC_IMPLEMENTATIONS = YES;
				CLANG_WARN_DIRECT_OBJC_ISA_USAGE = YES_ERROR;
				CLANG_WARN_DOCUMENTATION_COMMENTS = YES;
				CLANG_WARN_EMPTY_BODY = YES;
				CLANG_WARN_ENUM_CONVERSION = YES;
				CLANG_WARN_INFINITE_RECURSION = YES;
				CLANG_WARN_INT_CONVERSION = YES;
				CLANG_WARN_NON_LITERAL_NULL_CONVERSION = YES;
				CLANG_WARN_OBJC_IMPLICIT_RETAIN_SELF = YES;
				CLANG_WARN_OBJC_LITERAL_CONVERSION = YES;
				CLANG_WARN_OBJC_ROOT_CLASS = YES_ERROR;
				CLANG_WARN_RANGE_LOOP_ANALYSIS = YES;
				CLANG_WARN_STRICT_PROTOTYPES = YES;
				CLANG_WARN_SUSPICIOUS_MOVE = YES;
				CLANG_WARN_UNGUARDED_AVAILABILITY = YES_AGGRESSIVE;
				CLANG_WARN_UNREACHABLE_CODE = YES;
				CLANG_WARN__DUPLICATE_METHOD_MATCH = YES;
				CODE_SIGN_IDENTITY = "iPhone Developer";
				COPY_PHASE_STRIP = NO;
				DEBUG_INFORMATION_FORMAT = dwarf;
				ENABLE_STRICT_OBJC_MSGSEND = YES;
				ENABLE_TESTABILITY = YES;
				GCC_C_LANGUAGE_STANDARD = gnu11;
				GCC_DYNAMIC_NO_PIC = NO;
				GCC_NO_COMMON_BLOCKS = YES;
				GCC_OPTIMIZATION_LEVEL = 0;
				GCC_PREPROCESSOR_DEFINITIONS = (
					"DEBUG=1",
					"$(inherited)",
				);
				GCC_WARN_64_TO_32_BIT_CONVERSION = YES;
				GCC_WARN_ABOUT_RETURN_TYPE = YES_ERROR;
				GCC_WARN_UNDECLARED_SELECTOR = YES;
				GCC_WARN_UNINITIALIZED_AUTOS = YES_AGGRESSIVE;
				GCC_WARN_UNUSED_FUNCTION = YES;
				GCC_WARN_UNUSED_VARIABLE = YES;
				IPHONEOS_DEPLOYMENT_TARGET = 11.2;
				MTL_ENABLE_DEBUG_INFO = YES;
				ONLY_ACTIVE_ARCH = YES;
				SDKROOT = iphoneos;
				SWIFT_ACTIVE_COMPILATION_CONDITIONS = DEBUG;
				SWIFT_OPTIMIZATION_LEVEL = "-Onone";
			};
			name = Debug;
		};
		AFD71EDA2035518A008C6D10 /* Release */ = {
			isa = XCBuildConfiguration;
			buildSettings = {
				ALWAYS_SEARCH_USER_PATHS = NO;
				CLANG_ANALYZER_NONNULL = YES;
				CLANG_ANALYZER_NUMBER_OBJECT_CONVERSION = YES_AGGRESSIVE;
				CLANG_CXX_LANGUAGE_STANDARD = "gnu++14";
				CLANG_CXX_LIBRARY = "libc++";
				CLANG_ENABLE_MODULES = YES;
				CLANG_ENABLE_OBJC_ARC = YES;
				CLANG_WARN_BLOCK_CAPTURE_AUTORELEASING = YES;
				CLANG_WARN_BOOL_CONVERSION = YES;
				CLANG_WARN_COMMA = YES;
				CLANG_WARN_CONSTANT_CONVERSION = YES;
				CLANG_WARN_DEPRECATED_OBJC_IMPLEMENTATIONS = YES;
				CLANG_WARN_DIRECT_OBJC_ISA_USAGE = YES_ERROR;
				CLANG_WARN_DOCUMENTATION_COMMENTS = YES;
				CLANG_WARN_EMPTY_BODY = YES;
				CLANG_WARN_ENUM_CONVERSION = YES;
				CLANG_WARN_INFINITE_RECURSION = YES;
				CLANG_WARN_INT_CONVERSION = YES;
				CLANG_WARN_NON_LITERAL_NULL_CONVERSION = YES;
				CLANG_WARN_OBJC_IMPLICIT_RETAIN_SELF = YES;
				CLANG_WARN_OBJC_LITERAL_CONVERSION = YES;
				CLANG_WARN_OBJC_ROOT_CLASS = YES_ERROR;
				CLANG_WARN_RANGE_LOOP_ANALYSIS = YES;
				CLANG_WARN_STRICT_PROTOTYPES = YES;
				CLANG_WARN_SUSPICIOUS_MOVE = YES;
				CLANG_WARN_UNGUARDED_AVAILABILITY = YES_AGGRESSIVE;
				CLANG_WARN_UNREACHABLE_CODE = YES;
				CLANG_WARN__DUPLICATE_METHOD_MATCH = YES;
				CODE_SIGN_IDENTITY = "iPhone Developer";
				COPY_PHASE_STRIP = NO;
				DEBUG_INFORMATION_FORMAT = "dwarf-with-dsym";
				ENABLE_NS_ASSERTIONS = NO;
				ENABLE_STRICT_OBJC_MSGSEND = YES;
				GCC_C_LANGUAGE_STANDARD = gnu11;
				GCC_NO_COMMON_BLOCKS = YES;
				GCC_WARN_64_TO_32_BIT_CONVERSION = YES;
				GCC_WARN_ABOUT_RETURN_TYPE = YES_ERROR;
				GCC_WARN_UNDECLARED_SELECTOR = YES;
				GCC_WARN_UNINITIALIZED_AUTOS = YES_AGGRESSIVE;
				GCC_WARN_UNUSED_FUNCTION = YES;
				GCC_WARN_UNUSED_VARIABLE = YES;
				IPHONEOS_DEPLOYMENT_TARGET = 11.2;
				MTL_ENABLE_DEBUG_INFO = NO;
				ONLY_ACTIVE_ARCH = NO;
				SDKROOT = iphoneos;
				SWIFT_OPTIMIZATION_LEVEL = "-Owholemodule";
				VALIDATE_PRODUCT = YES;
			};
			name = Release;
		};
		AFD71EDC2035518A008C6D10 /* Debug */ = {
			isa = XCBuildConfiguration;
			baseConfigurationReference = 927A75898E4C0BEE90FEA70A /* Pods-Securis.debug.xcconfig */;
			buildSettings = {
				ASSETCATALOG_COMPILER_APPICON_NAME = AppIcon;
				CODE_SIGN_STYLE = Automatic;
				DEVELOPMENT_TEAM = PLGYL6VQ9C;
				INFOPLIST_FILE = Securis/Info.plist;
				LD_RUNPATH_SEARCH_PATHS = "$(inherited) @executable_path/Frameworks";
				ONLY_ACTIVE_ARCH = NO;
				PRODUCT_BUNDLE_IDENTIFIER = Capstone.Securis;
				PRODUCT_NAME = "$(TARGET_NAME)";
				SWIFT_VERSION = 4.0;
				TARGETED_DEVICE_FAMILY = "1,2";
			};
			name = Debug;
		};
		AFD71EDD2035518A008C6D10 /* Release */ = {
			isa = XCBuildConfiguration;
			baseConfigurationReference = 33133BF804A4D66E5123FE63 /* Pods-Securis.release.xcconfig */;
			buildSettings = {
				ASSETCATALOG_COMPILER_APPICON_NAME = AppIcon;
				CODE_SIGN_STYLE = Automatic;
				DEVELOPMENT_TEAM = PLGYL6VQ9C;
				INFOPLIST_FILE = Securis/Info.plist;
				LD_RUNPATH_SEARCH_PATHS = "$(inherited) @executable_path/Frameworks";
				PRODUCT_BUNDLE_IDENTIFIER = Capstone.Securis;
				PRODUCT_NAME = "$(TARGET_NAME)";
				SWIFT_VERSION = 4.0;
				TARGETED_DEVICE_FAMILY = "1,2";
			};
			name = Release;
		};
		AFD71EDF2035518A008C6D10 /* Debug */ = {
			isa = XCBuildConfiguration;
			baseConfigurationReference = 181B36B75D5C2F845A7784D2 /* Pods-SecurisTests.debug.xcconfig */;
			buildSettings = {
				ALWAYS_EMBED_SWIFT_STANDARD_LIBRARIES = YES;
				BUNDLE_LOADER = "$(TEST_HOST)";
				CODE_SIGN_STYLE = Automatic;
				DEVELOPMENT_TEAM = PLGYL6VQ9C;
				INFOPLIST_FILE = SecurisTests/Info.plist;
				LD_RUNPATH_SEARCH_PATHS = "$(inherited) @executable_path/Frameworks @loader_path/Frameworks";
				PRODUCT_BUNDLE_IDENTIFIER = Capstone.SecurisTests;
				PRODUCT_NAME = "$(TARGET_NAME)";
				SWIFT_VERSION = 4.0;
				TARGETED_DEVICE_FAMILY = "1,2";
				TEST_HOST = "$(BUILT_PRODUCTS_DIR)/Securis.app/Securis";
			};
			name = Debug;
		};
		AFD71EE02035518A008C6D10 /* Release */ = {
			isa = XCBuildConfiguration;
			baseConfigurationReference = C600008282896CDC67D9668D /* Pods-SecurisTests.release.xcconfig */;
			buildSettings = {
				ALWAYS_EMBED_SWIFT_STANDARD_LIBRARIES = YES;
				BUNDLE_LOADER = "$(TEST_HOST)";
				CODE_SIGN_STYLE = Automatic;
				DEVELOPMENT_TEAM = PLGYL6VQ9C;
				INFOPLIST_FILE = SecurisTests/Info.plist;
				LD_RUNPATH_SEARCH_PATHS = "$(inherited) @executable_path/Frameworks @loader_path/Frameworks";
				PRODUCT_BUNDLE_IDENTIFIER = Capstone.SecurisTests;
				PRODUCT_NAME = "$(TARGET_NAME)";
				SWIFT_VERSION = 4.0;
				TARGETED_DEVICE_FAMILY = "1,2";
				TEST_HOST = "$(BUILT_PRODUCTS_DIR)/Securis.app/Securis";
			};
			name = Release;
		};
		AFD71EE22035518A008C6D10 /* Debug */ = {
			isa = XCBuildConfiguration;
			baseConfigurationReference = 469CB07A2B8B8D2F47B73D75 /* Pods-SecurisUITests.debug.xcconfig */;
			buildSettings = {
				ALWAYS_EMBED_SWIFT_STANDARD_LIBRARIES = YES;
				CODE_SIGN_STYLE = Automatic;
				DEVELOPMENT_TEAM = PLGYL6VQ9C;
				INFOPLIST_FILE = SecurisUITests/Info.plist;
				LD_RUNPATH_SEARCH_PATHS = "$(inherited) @executable_path/Frameworks @loader_path/Frameworks";
				PRODUCT_BUNDLE_IDENTIFIER = Capstone.SecurisUITests;
				PRODUCT_NAME = "$(TARGET_NAME)";
				SWIFT_VERSION = 4.0;
				TARGETED_DEVICE_FAMILY = "1,2";
				TEST_TARGET_NAME = Securis;
			};
			name = Debug;
		};
		AFD71EE32035518A008C6D10 /* Release */ = {
			isa = XCBuildConfiguration;
			baseConfigurationReference = E64CC0C8AE607DE95BEF55A1 /* Pods-SecurisUITests.release.xcconfig */;
			buildSettings = {
				ALWAYS_EMBED_SWIFT_STANDARD_LIBRARIES = YES;
				CODE_SIGN_STYLE = Automatic;
				DEVELOPMENT_TEAM = PLGYL6VQ9C;
				INFOPLIST_FILE = SecurisUITests/Info.plist;
				LD_RUNPATH_SEARCH_PATHS = "$(inherited) @executable_path/Frameworks @loader_path/Frameworks";
				PRODUCT_BUNDLE_IDENTIFIER = Capstone.SecurisUITests;
				PRODUCT_NAME = "$(TARGET_NAME)";
				SWIFT_VERSION = 4.0;
				TARGETED_DEVICE_FAMILY = "1,2";
				TEST_TARGET_NAME = Securis;
			};
			name = Release;
		};
/* End XCBuildConfiguration section */

/* Begin XCConfigurationList section */
		AFD71EAB2035518A008C6D10 /* Build configuration list for PBXProject "Securis" */ = {
			isa = XCConfigurationList;
			buildConfigurations = (
				AFD71ED92035518A008C6D10 /* Debug */,
				AFD71EDA2035518A008C6D10 /* Release */,
			);
			defaultConfigurationIsVisible = 0;
			defaultConfigurationName = Release;
		};
		AFD71EDB2035518A008C6D10 /* Build configuration list for PBXNativeTarget "Securis" */ = {
			isa = XCConfigurationList;
			buildConfigurations = (
				AFD71EDC2035518A008C6D10 /* Debug */,
				AFD71EDD2035518A008C6D10 /* Release */,
			);
			defaultConfigurationIsVisible = 0;
			defaultConfigurationName = Release;
		};
		AFD71EDE2035518A008C6D10 /* Build configuration list for PBXNativeTarget "SecurisTests" */ = {
			isa = XCConfigurationList;
			buildConfigurations = (
				AFD71EDF2035518A008C6D10 /* Debug */,
				AFD71EE02035518A008C6D10 /* Release */,
			);
			defaultConfigurationIsVisible = 0;
			defaultConfigurationName = Release;
		};
		AFD71EE12035518A008C6D10 /* Build configuration list for PBXNativeTarget "SecurisUITests" */ = {
			isa = XCConfigurationList;
			buildConfigurations = (
				AFD71EE22035518A008C6D10 /* Debug */,
				AFD71EE32035518A008C6D10 /* Release */,
			);
			defaultConfigurationIsVisible = 0;
			defaultConfigurationName = Release;
		};
/* End XCConfigurationList section */

/* Begin XCVersionGroup section */
		AFD71EBA2035518A008C6D10 /* Securis.xcdatamodeld */ = {
			isa = XCVersionGroup;
			children = (
				AFD71EBB2035518A008C6D10 /* Securis.xcdatamodel */,
			);
			currentVersion = AFD71EBB2035518A008C6D10 /* Securis.xcdatamodel */;
			path = Securis.xcdatamodeld;
			sourceTree = "<group>";
			versionGroupType = wrapper.xcdatamodel;
		};
/* End XCVersionGroup section */
	};
	rootObject = AFD71EA82035518A008C6D10 /* Project object */;
}
